
Microsoft Visual Studio Solution File, Format Version 12.00
# Visual Studio Version 17
VisualStudioVersion = 17.14.36518.9 d17.14
MinimumVisualStudioVersion = 10.0.40219.1
Project("{FAE04EC0-301F-11D3-BF4B-00C04F79EFBC}") = "FrmLab1", "FrmLab1.csproj", "{FE101A3D-AC54-4DD5-937A-7CD7429345D5}"
EndProject
Global
	GlobalSection(SolutionConfigurationPlatforms) = preSolution
		Debug|Any CPU = Debug|Any CPU
		Release|Any CPU = Release|Any CPU
	EndGlobalSection
	GlobalSection(ProjectConfigurationPlatforms) = postSolution
		{FE101A3D-AC54-4DD5-937A-7CD7429345D5}.Debug|Any CPU.ActiveCfg = Debug|Any CPU
		{FE101A3D-AC54-4DD5-937A-7CD7429345D5}.Debug|Any CPU.Build.0 = Debug|Any CPU
		{FE101A3D-AC54-4DD5-937A-7CD7429345D5}.Release|Any CPU.ActiveCfg = Release|Any CPU
		{FE101A3D-AC54-4DD5-937A-7CD7429345D5}.Release|Any CPU.Build.0 = Release|Any CPU
	EndGlobalSection
	GlobalSection(SolutionProperties) = preSolution
		HideSolutionNode = FALSE
	EndGlobalSection
	GlobalSection(ExtensibilityGlobals) = postSolution
		SolutionGuid = {1C33F940-C3FB-46A9-AF00-8278D0B09605}
	EndGlobalSection
EndGlobal
